
Microsoft Visual Studio Solution File, Format Version 12.00
# Visual Studio Version 16
VisualStudioVersion = 16.0.30320.27
MinimumVisualStudioVersion = 10.0.40219.1
Project("{FAE04EC0-301F-11D3-BF4B-00C04F79EFBC}") = "CandidateFinder", "CandidateFinder\CandidateFinder.csproj", "{EA9EA8C7-9A35-4DB2-BB0E-A5DF0C468774}"
EndProject
Global
	GlobalSection(SolutionConfigurationPlatforms) = preSolution
		Debug|Any CPU = Debug|Any CPU
		Release|Any CPU = Release|Any CPU
	EndGlobalSection
	GlobalSection(ProjectConfigurationPlatforms) = postSolution
		{EA9EA8C7-9A35-4DB2-BB0E-A5DF0C468774}.Debug|Any CPU.ActiveCfg = Debug|Any CPU
		{EA9EA8C7-9A35-4DB2-BB0E-A5DF0C468774}.Debug|Any CPU.Build.0 = Debug|Any CPU
		{EA9EA8C7-9A35-4DB2-BB0E-A5DF0C468774}.Release|Any CPU.ActiveCfg = Release|Any CPU
		{EA9EA8C7-9A35-4DB2-BB0E-A5DF0C468774}.Release|Any CPU.Build.0 = Release|Any CPU
	EndGlobalSection
	GlobalSection(SolutionProperties) = preSolution
		HideSolutionNode = FALSE
	EndGlobalSection
	GlobalSection(ExtensibilityGlobals) = postSolution
		SolutionGuid = {BD26F24B-0AE7-45DE-A736-C0E536837D4B}
	EndGlobalSection
EndGlobal
